// !$*UTF8*$!
{
	archiveVersion = 1;
	classes = {
	};
	objectVersion = 46;
	objects = {

/* Begin PBXBuildFile section */
		288AE6831756489500CA1114 /* ViewController.xib in Resources */ = {isa = PBXBuildFile; fileRef = 288AE6821756489500CA1114 /* ViewController.xib */; };
		289A33A1175946BB006E875E /* GymJournal_icon.png in Resources */ = {isa = PBXBuildFile; fileRef = 289A33A0175946BB006E875E /* GymJournal_icon.png */; };
		289A33A3175946C0006E875E /* GymJournal_icon@2x.png in Resources */ = {isa = PBXBuildFile; fileRef = 289A33A2175946C0006E875E /* GymJournal_icon@2x.png */; };
		28B2901517561F3F00933D4A /* UIKit.framework in Frameworks */ = {isa = PBXBuildFile; fileRef = 28B2901417561F3F00933D4A /* UIKit.framework */; };
		28B2901717561F3F00933D4A /* Foundation.framework in Frameworks */ = {isa = PBXBuildFile; fileRef = 28B2901617561F3F00933D4A /* Foundation.framework */; };
		28B2901917561F3F00933D4A /* CoreGraphics.framework in Frameworks */ = {isa = PBXBuildFile; fileRef = 28B2901817561F3F00933D4A /* CoreGraphics.framework */; };
		28B2901F17561F3F00933D4A /* InfoPlist.strings in Resources */ = {isa = PBXBuildFile; fileRef = 28B2901D17561F3F00933D4A /* InfoPlist.strings */; };
		28B2902117561F3F00933D4A /* main.m in Sources */ = {isa = PBXBuildFile; fileRef = 28B2902017561F3F00933D4A /* main.m */; };
		28B2902517561F3F00933D4A /* AppDelegate.m in Sources */ = {isa = PBXBuildFile; fileRef = 28B2902417561F3F00933D4A /* AppDelegate.m */; };
		28B2902717561F3F00933D4A /* Default.png in Resources */ = {isa = PBXBuildFile; fileRef = 28B2902617561F3F00933D4A /* Default.png */; };
		28B2902917561F3F00933D4A /* Default@2x.png in Resources */ = {isa = PBXBuildFile; fileRef = 28B2902817561F3F00933D4A /* Default@2x.png */; };
		28B2902B17561F3F00933D4A /* Default-568h@2x.png in Resources */ = {isa = PBXBuildFile; fileRef = 28B2902A17561F3F00933D4A /* Default-568h@2x.png */; };
		28B2902E17561F3F00933D4A /* ViewController.m in Sources */ = {isa = PBXBuildFile; fileRef = 28B2902D17561F3F00933D4A /* ViewController.m */; };
		28B290461756376D00933D4A /* WorkoutViewController.m in Sources */ = {isa = PBXBuildFile; fileRef = 28B290441756376D00933D4A /* WorkoutViewController.m */; };
		28B290471756376D00933D4A /* WorkoutViewController.xib in Resources */ = {isa = PBXBuildFile; fileRef = 28B290451756376D00933D4A /* WorkoutViewController.xib */; };
		855D40F156BE48AFB0CA5F07 /* libPods.a in Frameworks */ = {isa = PBXBuildFile; fileRef = 1A3179C6AC3C46918A63FC84 /* libPods.a */; };
/* End PBXBuildFile section */

/* Begin PBXFileReference section */
		1A3179C6AC3C46918A63FC84 /* libPods.a */ = {isa = PBXFileReference; explicitFileType = archive.ar; includeInIndex = 0; path = libPods.a; sourceTree = BUILT_PRODUCTS_DIR; };
		288AE6821756489500CA1114 /* ViewController.xib */ = {isa = PBXFileReference; fileEncoding = 4; lastKnownFileType = file.xib; path = ViewController.xib; sourceTree = "<group>"; };
		289A33A0175946BB006E875E /* GymJournal_icon.png */ = {isa = PBXFileReference; lastKnownFileType = image.png; path = GymJournal_icon.png; sourceTree = SOURCE_ROOT; };
		289A33A2175946C0006E875E /* GymJournal_icon@2x.png */ = {isa = PBXFileReference; lastKnownFileType = image.png; path = "GymJournal_icon@2x.png"; sourceTree = SOURCE_ROOT; };
		28B2901117561F3F00933D4A /* GymJournal.app */ = {isa = PBXFileReference; explicitFileType = wrapper.application; includeInIndex = 0; path = GymJournal.app; sourceTree = BUILT_PRODUCTS_DIR; };
		28B2901417561F3F00933D4A /* UIKit.framework */ = {isa = PBXFileReference; lastKnownFileType = wrapper.framework; name = UIKit.framework; path = System/Library/Frameworks/UIKit.framework; sourceTree = SDKROOT; };
		28B2901617561F3F00933D4A /* Foundation.framework */ = {isa = PBXFileReference; lastKnownFileType = wrapper.framework; name = Foundation.framework; path = System/Library/Frameworks/Foundation.framework; sourceTree = SDKROOT; };
		28B2901817561F3F00933D4A /* CoreGraphics.framework */ = {isa = PBXFileReference; lastKnownFileType = wrapper.framework; name = CoreGraphics.framework; path = System/Library/Frameworks/CoreGraphics.framework; sourceTree = SDKROOT; };
		28B2901C17561F3F00933D4A /* GymJournal-Info.plist */ = {isa = PBXFileReference; lastKnownFileType = text.plist.xml; path = "GymJournal-Info.plist"; sourceTree = "<group>"; };
		28B2901E17561F3F00933D4A /* en */ = {isa = PBXFileReference; lastKnownFileType = text.plist.strings; name = en; path = en.lproj/InfoPlist.strings; sourceTree = "<group>"; };
		28B2902017561F3F00933D4A /* main.m */ = {isa = PBXFileReference; lastKnownFileType = sourcecode.c.objc; path = main.m; sourceTree = "<group>"; };
		28B2902217561F3F00933D4A /* GymJournal-Prefix.pch */ = {isa = PBXFileReference; lastKnownFileType = sourcecode.c.h; path = "GymJournal-Prefix.pch"; sourceTree = "<group>"; };
		28B2902317561F3F00933D4A /* AppDelegate.h */ = {isa = PBXFileReference; lastKnownFileType = sourcecode.c.h; path = AppDelegate.h; sourceTree = "<group>"; };
		28B2902417561F3F00933D4A /* AppDelegate.m */ = {isa = PBXFileReference; lastKnownFileType = sourcecode.c.objc; path = AppDelegate.m; sourceTree = "<group>"; };
		28B2902617561F3F00933D4A /* Default.png */ = {isa = PBXFileReference; lastKnownFileType = image.png; path = Default.png; sourceTree = "<group>"; };
		28B2902817561F3F00933D4A /* Default@2x.png */ = {isa = PBXFileReference; lastKnownFileType = image.png; path = "Default@2x.png"; sourceTree = "<group>"; };
		28B2902A17561F3F00933D4A /* Default-568h@2x.png */ = {isa = PBXFileReference; lastKnownFileType = image.png; path = "Default-568h@2x.png"; sourceTree = "<group>"; };
		28B2902C17561F3F00933D4A /* ViewController.h */ = {isa = PBXFileReference; lastKnownFileType = sourcecode.c.h; path = ViewController.h; sourceTree = "<group>"; };
		28B2902D17561F3F00933D4A /* ViewController.m */ = {isa = PBXFileReference; lastKnownFileType = sourcecode.c.objc; path = ViewController.m; sourceTree = "<group>"; };
		28B290431756376D00933D4A /* WorkoutViewController.h */ = {isa = PBXFileReference; fileEncoding = 4; lastKnownFileType = sourcecode.c.h; path = WorkoutViewController.h; sourceTree = "<group>"; };
		28B290441756376D00933D4A /* WorkoutViewController.m */ = {isa = PBXFileReference; fileEncoding = 4; lastKnownFileType = sourcecode.c.objc; path = WorkoutViewController.m; sourceTree = "<group>"; };
		28B290451756376D00933D4A /* WorkoutViewController.xib */ = {isa = PBXFileReference; fileEncoding = 4; lastKnownFileType = file.xib; path = WorkoutViewController.xib; sourceTree = "<group>"; };
		2B83C47732F9414E957D45B8 /* Pods.xcconfig */ = {isa = PBXFileReference; includeInIndex = 1; lastKnownFileType = text.xcconfig; name = Pods.xcconfig; path = Pods/Pods.xcconfig; sourceTree = SOURCE_ROOT; };
/* End PBXFileReference section */

/* Begin PBXFrameworksBuildPhase section */
		28B2900E17561F3F00933D4A /* Frameworks */ = {
			isa = PBXFrameworksBuildPhase;
			buildActionMask = 2147483647;
			files = (
				28B2901517561F3F00933D4A /* UIKit.framework in Frameworks */,
				28B2901717561F3F00933D4A /* Foundation.framework in Frameworks */,
				28B2901917561F3F00933D4A /* CoreGraphics.framework in Frameworks */,
				855D40F156BE48AFB0CA5F07 /* libPods.a in Frameworks */,
			);
			runOnlyForDeploymentPostprocessing = 0;
		};
/* End PBXFrameworksBuildPhase section */

/* Begin PBXGroup section */
		28B2900817561F3F00933D4A = {
			isa = PBXGroup;
			children = (
				28B2901A17561F3F00933D4A /* GymJournal */,
				28B2901B17561F3F00933D4A /* Supporting Files */,
				28B2901317561F3F00933D4A /* Frameworks */,
				28B2901217561F3F00933D4A /* Products */,
				2B83C47732F9414E957D45B8 /* Pods.xcconfig */,
			);
			sourceTree = "<group>";
		};
		28B2901217561F3F00933D4A /* Products */ = {
			isa = PBXGroup;
			children = (
				28B2901117561F3F00933D4A /* GymJournal.app */,
			);
			name = Products;
			sourceTree = "<group>";
		};
		28B2901317561F3F00933D4A /* Frameworks */ = {
			isa = PBXGroup;
			children = (
				28B2901417561F3F00933D4A /* UIKit.framework */,
				28B2901617561F3F00933D4A /* Foundation.framework */,
				28B2901817561F3F00933D4A /* CoreGraphics.framework */,
				1A3179C6AC3C46918A63FC84 /* libPods.a */,
			);
			name = Frameworks;
			sourceTree = "<group>";
		};
		28B2901A17561F3F00933D4A /* GymJournal */ = {
			isa = PBXGroup;
			children = (
				28B2902317561F3F00933D4A /* AppDelegate.h */,
				28B2902417561F3F00933D4A /* AppDelegate.m */,
				28B290411756360800933D4A /* ViewControllers */,
			);
			path = GymJournal;
			sourceTree = "<group>";
		};
		28B2901B17561F3F00933D4A /* Supporting Files */ = {
			isa = PBXGroup;
			children = (
				289A33A2175946C0006E875E /* GymJournal_icon@2x.png */,
				289A33A0175946BB006E875E /* GymJournal_icon.png */,
				28B2901C17561F3F00933D4A /* GymJournal-Info.plist */,
				28B2901D17561F3F00933D4A /* InfoPlist.strings */,
				28B2902017561F3F00933D4A /* main.m */,
				28B2902217561F3F00933D4A /* GymJournal-Prefix.pch */,
				28B2902617561F3F00933D4A /* Default.png */,
				28B2902817561F3F00933D4A /* Default@2x.png */,
				28B2902A17561F3F00933D4A /* Default-568h@2x.png */,
			);
			name = "Supporting Files";
			path = GymJournal;
			sourceTree = "<group>";
		};
		28B290411756360800933D4A /* ViewControllers */ = {
			isa = PBXGroup;
			children = (
				28B290431756376D00933D4A /* WorkoutViewController.h */,
				28B290441756376D00933D4A /* WorkoutViewController.m */,
				28B290451756376D00933D4A /* WorkoutViewController.xib */,
				28B2902C17561F3F00933D4A /* ViewController.h */,
				28B2902D17561F3F00933D4A /* ViewController.m */,
				288AE6821756489500CA1114 /* ViewController.xib */,
			);
			name = ViewControllers;
			sourceTree = "<group>";
		};
/* End PBXGroup section */

/* Begin PBXNativeTarget section */
		28B2901017561F3F00933D4A /* GymJournal */ = {
			isa = PBXNativeTarget;
			buildConfigurationList = 28B2903417561F3F00933D4A /* Build configuration list for PBXNativeTarget "GymJournal" */;
			buildPhases = (
				C28EFDB776064272886D7DC5 /* Check Pods Manifest.lock */,
				28B2900D17561F3F00933D4A /* Sources */,
				28B2900E17561F3F00933D4A /* Frameworks */,
				28B2900F17561F3F00933D4A /* Resources */,
				A6BA09F5E33641EF94FBA894 /* Copy Pods Resources */,
			);
			buildRules = (
			);
			dependencies = (
			);
			name = GymJournal;
			productName = GymJournal;
			productReference = 28B2901117561F3F00933D4A /* GymJournal.app */;
			productType = "com.apple.product-type.application";
		};
/* End PBXNativeTarget section */

/* Begin PBXProject section */
		28B2900917561F3F00933D4A /* Project object */ = {
			isa = PBXProject;
			attributes = {
				LastUpgradeCheck = 0460;
				ORGANIZATIONNAME = "Artem Zhdanov";
			};
			buildConfigurationList = 28B2900C17561F3F00933D4A /* Build configuration list for PBXProject "GymJournal" */;
			compatibilityVersion = "Xcode 3.2";
			developmentRegion = English;
			hasScannedForEncodings = 0;
			knownRegions = (
				en,
			);
			mainGroup = 28B2900817561F3F00933D4A;
			productRefGroup = 28B2901217561F3F00933D4A /* Products */;
			projectDirPath = "";
			projectRoot = "";
			targets = (
				28B2901017561F3F00933D4A /* GymJournal */,
			);
		};
/* End PBXProject section */

/* Begin PBXResourcesBuildPhase section */
		28B2900F17561F3F00933D4A /* Resources */ = {
			isa = PBXResourcesBuildPhase;
			buildActionMask = 2147483647;
			files = (
				28B2901F17561F3F00933D4A /* InfoPlist.strings in Resources */,
				28B2902717561F3F00933D4A /* Default.png in Resources */,
				28B2902917561F3F00933D4A /* Default@2x.png in Resources */,
				28B2902B17561F3F00933D4A /* Default-568h@2x.png in Resources */,
				28B290471756376D00933D4A /* WorkoutViewController.xib in Resources */,
				288AE6831756489500CA1114 /* ViewController.xib in Resources */,
				289A33A1175946BB006E875E /* GymJournal_icon.png in Resources */,
				289A33A3175946C0006E875E /* GymJournal_icon@2x.png in Resources */,
			);
			runOnlyForDeploymentPostprocessing = 0;
		};
/* End PBXResourcesBuildPhase section */

/* Begin PBXShellScriptBuildPhase section */
		A6BA09F5E33641EF94FBA894 /* Copy Pods Resources */ = {
			isa = PBXShellScriptBuildPhase;
			buildActionMask = 2147483647;
			files = (
			);
			inputPaths = (
			);
			name = "Copy Pods Resources";
			outputPaths = (
			);
			runOnlyForDeploymentPostprocessing = 0;
			shellPath = /bin/sh;
			shellScript = "\"${SRCROOT}/Pods/Pods-resources.sh\"\n";
		};
		C28EFDB776064272886D7DC5 /* Check Pods Manifest.lock */ = {
			isa = PBXShellScriptBuildPhase;
			buildActionMask = 2147483647;
			files = (
			);
			inputPaths = (
			);
			name = "Check Pods Manifest.lock";
			outputPaths = (
			);
			runOnlyForDeploymentPostprocessing = 0;
			shellPath = /bin/sh;
			shellScript = "diff \"${PODS_ROOT}/../Podfile.lock\" \"${PODS_ROOT}/Manifest.lock\" > /dev/null\nif [[ $? != 0 ]] ; then\n    cat << EOM\nerror: The sandbox is not in sync with the Podfile.lock. Run 'pod install' or update your CocoaPods installation.\nEOM\n    exit 1\nfi\n";
		};
/* End PBXShellScriptBuildPhase section */

/* Begin PBXSourcesBuildPhase section */
		28B2900D17561F3F00933D4A /* Sources */ = {
			isa = PBXSourcesBuildPhase;
			buildActionMask = 2147483647;
			files = (
				28B2902117561F3F00933D4A /* main.m in Sources */,
				28B2902517561F3F00933D4A /* AppDelegate.m in Sources */,
				28B2902E17561F3F00933D4A /* ViewController.m in Sources */,
				28B290461756376D00933D4A /* WorkoutViewController.m in Sources */,
			);
			runOnlyForDeploymentPostprocessing = 0;
		};
/* End PBXSourcesBuildPhase section */

/* Begin PBXVariantGroup section */
		28B2901D17561F3F00933D4A /* InfoPlist.strings */ = {
			isa = PBXVariantGroup;
			children = (
				28B2901E17561F3F00933D4A /* en */,
			);
			name = InfoPlist.strings;
			sourceTree = "<group>";
		};
/* End PBXVariantGroup section */

/* Begin XCBuildConfiguration section */
		28B2903217561F3F00933D4A /* Debug */ = {
			isa = XCBuildConfiguration;
			buildSettings = {
				ALWAYS_SEARCH_USER_PATHS = NO;
				CLANG_CXX_LANGUAGE_STANDARD = "gnu++0x";
				CLANG_CXX_LIBRARY = "libc++";
				CLANG_ENABLE_OBJC_ARC = YES;
				CLANG_WARN_CONSTANT_CONVERSION = YES;
				CLANG_WARN_EMPTY_BODY = YES;
				CLANG_WARN_ENUM_CONVERSION = YES;
				CLANG_WARN_INT_CONVERSION = YES;
				CLANG_WARN__DUPLICATE_METHOD_MATCH = YES;
				"CODE_SIGN_IDENTITY[sdk=iphoneos*]" = "iPhone Developer";
				COPY_PHASE_STRIP = NO;
				GCC_C_LANGUAGE_STANDARD = gnu99;
				GCC_DYNAMIC_NO_PIC = NO;
				GCC_OPTIMIZATION_LEVEL = 0;
				GCC_PREPROCESSOR_DEFINITIONS = (
					"DEBUG=1",
					"$(inherited)",
				);
				GCC_SYMBOLS_PRIVATE_EXTERN = NO;
				GCC_WARN_ABOUT_RETURN_TYPE = YES;
				GCC_WARN_UNINITIALIZED_AUTOS = YES;
				GCC_WARN_UNUSED_VARIABLE = YES;
				IPHONEOS_DEPLOYMENT_TARGET = 6.1;
				ONLY_ACTIVE_ARCH = YES;
				SDKROOT = iphoneos;
			};
			name = Debug;
		};
		28B2903317561F3F00933D4A /* Release */ = {
			isa = XCBuildConfiguration;
			buildSettings = {
				ALWAYS_SEARCH_USER_PATHS = NO;
				CLANG_CXX_LANGUAGE_STANDARD = "gnu++0x";
				CLANG_CXX_LIBRARY = "libc++";
				CLANG_ENABLE_OBJC_ARC = YES;
				CLANG_WARN_CONSTANT_CONVERSION = YES;
				CLANG_WARN_EMPTY_BODY = YES;
				CLANG_WARN_ENUM_CONVERSION = YES;
				CLANG_WARN_INT_CONVERSION = YES;
				CLANG_WARN__DUPLICATE_METHOD_MATCH = YES;
				"CODE_SIGN_IDENTITY[sdk=iphoneos*]" = "iPhone Developer";
				COPY_PHASE_STRIP = YES;
				GCC_C_LANGUAGE_STANDARD = gnu99;
				GCC_WARN_ABOUT_RETURN_TYPE = YES;
				GCC_WARN_UNINITIALIZED_AUTOS = YES;
				GCC_WARN_UNUSED_VARIABLE = YES;
				IPHONEOS_DEPLOYMENT_TARGET = 6.1;
				OTHER_CFLAGS = "-DNS_BLOCK_ASSERTIONS=1";
				SDKROOT = iphoneos;
				VALIDATE_PRODUCT = YES;
			};
			name = Release;
		};
		28B2903517561F3F00933D4A /* Debug */ = {
			isa = XCBuildConfiguration;
			baseConfigurationReference = 2B83C47732F9414E957D45B8 /* Pods.xcconfig */;
			buildSettings = {
				GCC_PRECOMPILE_PREFIX_HEADER = YES;
				GCC_PREFIX_HEADER = "GymJournal/GymJournal-Prefix.pch";
				INFOPLIST_FILE = "GymJournal/GymJournal-Info.plist";
				PRODUCT_NAME = "$(TARGET_NAME)";
				WRAPPER_EXTENSION = app;
			};
			name = Debug;
		};
		28B2903617561F3F00933D4A /* Release */ = {
			isa = XCBuildConfiguration;
			baseConfigurationReference = 2B83C47732F9414E957D45B8 /* Pods.xcconfig */;
			buildSettings = {
				GCC_PRECOMPILE_PREFIX_HEADER = YES;
				GCC_PREFIX_HEADER = "GymJournal/GymJournal-Prefix.pch";
				INFOPLIST_FILE = "GymJournal/GymJournal-Info.plist";
				PRODUCT_NAME = "$(TARGET_NAME)";
				WRAPPER_EXTENSION = app;
			};
			name = Release;
		};
/* End XCBuildConfiguration section */

/* Begin XCConfigurationList section */
		28B2900C17561F3F00933D4A /* Build configuration list for PBXProject "GymJournal" */ = {
			isa = XCConfigurationList;
			buildConfigurations = (
				28B2903217561F3F00933D4A /* Debug */,
				28B2903317561F3F00933D4A /* Release */,
			);
			defaultConfigurationIsVisible = 0;
			defaultConfigurationName = Release;
		};
		28B2903417561F3F00933D4A /* Build configuration list for PBXNativeTarget "GymJournal" */ = {
			isa = XCConfigurationList;
			buildConfigurations = (
				28B2903517561F3F00933D4A /* Debug */,
				28B2903617561F3F00933D4A /* Release */,
			);
			defaultConfigurationIsVisible = 0;
			defaultConfigurationName = Release;
		};
/* End XCConfigurationList section */
	};
	rootObject = 28B2900917561F3F00933D4A /* Project object */;
}
